// !$*UTF8*$!
{
	archiveVersion = 1;
	classes = {
	};
	objectVersion = 46;
	objects = {

/* Begin PBXBuildFile section */
		C09D60921D587438009857DC /* main.m in Sources */ = {isa = PBXBuildFile; fileRef = C09D60911D587438009857DC /* main.m */; };
		C09D60951D587438009857DC /* AppDelegate.m in Sources */ = {isa = PBXBuildFile; fileRef = C09D60941D587438009857DC /* AppDelegate.m */; };
		C09D60981D587438009857DC /* ViewController.m in Sources */ = {isa = PBXBuildFile; fileRef = C09D60971D587438009857DC /* ViewController.m */; };
		C09D609B1D587438009857DC /* Main.storyboard in Resources */ = {isa = PBXBuildFile; fileRef = C09D60991D587438009857DC /* Main.storyboard */; };
		C09D609D1D587438009857DC /* Assets.xcassets in Resources */ = {isa = PBXBuildFile; fileRef = C09D609C1D587438009857DC /* Assets.xcassets */; };
		C09D60A01D587438009857DC /* LaunchScreen.storyboard in Resources */ = {isa = PBXBuildFile; fileRef = C09D609E1D587438009857DC /* LaunchScreen.storyboard */; };
		C09D60A91D587461009857DC /* BlankTextView.m in Sources */ = {isa = PBXBuildFile; fileRef = C09D60A81D587461009857DC /* BlankTextView.m */; };
/* End PBXBuildFile section */

/* Begin PBXFileReference section */
		C09D608D1D587438009857DC /* BlankTextView.app */ = {isa = PBXFileReference; explicitFileType = wrapper.application; includeInIndex = 0; path = BlankTextView.app; sourceTree = BUILT_PRODUCTS_DIR; };
		C09D60911D587438009857DC /* main.m */ = {isa = PBXFileReference; lastKnownFileType = sourcecode.c.objc; path = main.m; sourceTree = "<group>"; };
		C09D60931D587438009857DC /* AppDelegate.h */ = {isa = PBXFileReference; lastKnownFileType = sourcecode.c.h; path = AppDelegate.h; sourceTree = "<group>"; };
		C09D60941D587438009857DC /* AppDelegate.m */ = {isa = PBXFileReference; lastKnownFileType = sourcecode.c.objc; path = AppDelegate.m; sourceTree = "<group>"; };
		C09D60961D587438009857DC /* ViewController.h */ = {isa = PBXFileReference; lastKnownFileType = sourcecode.c.h; path = ViewController.h; sourceTree = "<group>"; };
		C09D60971D587438009857DC /* ViewController.m */ = {isa = PBXFileReference; lastKnownFileType = sourcecode.c.objc; path = ViewController.m; sourceTree = "<group>"; };
		C09D609A1D587438009857DC /* Base */ = {isa = PBXFileReference; lastKnownFileType = file.storyboard; name = Base; path = Base.lproj/Main.storyboard; sourceTree = "<group>"; };
		C09D609C1D587438009857DC /* Assets.xcassets */ = {isa = PBXFileReference; lastKnownFileType = folder.assetcatalog; path = Assets.xcassets; sourceTree = "<group>"; };
		C09D609F1D587438009857DC /* Base */ = {isa = PBXFileReference; lastKnownFileType = file.storyboard; name = Base; path = Base.lproj/LaunchScreen.storyboard; sourceTree = "<group>"; };
		C09D60A11D587438009857DC /* Info.plist */ = {isa = PBXFileReference; lastKnownFileType = text.plist.xml; path = Info.plist; sourceTree = "<group>"; };
		C09D60A71D587461009857DC /* BlankTextView.h */ = {isa = PBXFileReference; fileEncoding = 4; lastKnownFileType = sourcecode.c.h; path = BlankTextView.h; sourceTree = "<group>"; };
		C09D60A81D587461009857DC /* BlankTextView.m */ = {isa = PBXFileReference; fileEncoding = 4; lastKnownFileType = sourcecode.c.objc; path = BlankTextView.m; sourceTree = "<group>"; };
/* End PBXFileReference section */

/* Begin PBXFrameworksBuildPhase section */
		C09D608A1D587438009857DC /* Frameworks */ = {
			isa = PBXFrameworksBuildPhase;
			buildActionMask = 2147483647;
			files = (
			);
			runOnlyForDeploymentPostprocessing = 0;
		};
/* End PBXFrameworksBuildPhase section */

/* Begin PBXGroup section */
		C09D60841D587438009857DC = {
			isa = PBXGroup;
			children = (
				C09D608F1D587438009857DC /* BlankTextView */,
				C09D608E1D587438009857DC /* Products */,
			);
			sourceTree = "<group>";
		};
		C09D608E1D587438009857DC /* Products */ = {
			isa = PBXGroup;
			children = (
				C09D608D1D587438009857DC /* BlankTextView.app */,
			);
			name = Products;
			sourceTree = "<group>";
		};
		C09D608F1D587438009857DC /* BlankTextView */ = {
			isa = PBXGroup;
			children = (
				C09D60A71D587461009857DC /* BlankTextView.h */,
				C09D60A81D587461009857DC /* BlankTextView.m */,
				C09D60931D587438009857DC /* AppDelegate.h */,
				C09D60941D587438009857DC /* AppDelegate.m */,
				C09D60961D587438009857DC /* ViewController.h */,
				C09D60971D587438009857DC /* ViewController.m */,
				C09D60991D587438009857DC /* Main.storyboard */,
				C09D609C1D587438009857DC /* Assets.xcassets */,
				C09D609E1D587438009857DC /* LaunchScreen.storyboard */,
				C09D60A11D587438009857DC /* Info.plist */,
				C09D60901D587438009857DC /* Supporting Files */,
			);
			path = BlankTextView;
			sourceTree = "<group>";
		};
		C09D60901D587438009857DC /* Supporting Files */ = {
			isa = PBXGroup;
			children = (
				C09D60911D587438009857DC /* main.m */,
			);
			name = "Supporting Files";
			sourceTree = "<group>";
		};
/* End PBXGroup section */

/* Begin PBXNativeTarget section */
		C09D608C1D587438009857DC /* BlankTextView */ = {
			isa = PBXNativeTarget;
			buildConfigurationList = C09D60A41D587438009857DC /* Build configuration list for PBXNativeTarget "BlankTextView" */;
			buildPhases = (
				C09D60891D587438009857DC /* Sources */,
				C09D608A1D587438009857DC /* Frameworks */,
				C09D608B1D587438009857DC /* Resources */,
			);
			buildRules = (
			);
			dependencies = (
			);
			name = BlankTextView;
			productName = BlankTextView;
			productReference = C09D608D1D587438009857DC /* BlankTextView.app */;
			productType = "com.apple.product-type.application";
		};
/* End PBXNativeTarget section */

/* Begin PBXProject section */
		C09D60851D587438009857DC /* Project object */ = {
			isa = PBXProject;
			attributes = {
				LastUpgradeCheck = 0730;
				ORGANIZATIONNAME = joshuali;
				TargetAttributes = {
					C09D608C1D587438009857DC = {
						CreatedOnToolsVersion = 7.3.1;
					};
				};
			};
			buildConfigurationList = C09D60881D587438009857DC /* Build configuration list for PBXProject "BlankTextView" */;
			compatibilityVersion = "Xcode 3.2";
			developmentRegion = English;
			hasScannedForEncodings = 0;
			knownRegions = (
				en,
				Base,
			);
			mainGroup = C09D60841D587438009857DC;
			productRefGroup = C09D608E1D587438009857DC /* Products */;
			projectDirPath = "";
			projectRoot = "";
			targets = (
				C09D608C1D587438009857DC /* BlankTextView */,
			);
		};
/* End PBXProject section */

/* Begin PBXResourcesBuildPhase section */
		C09D608B1D587438009857DC /* Resources */ = {
			isa = PBXResourcesBuildPhase;
			buildActionMask = 2147483647;
			files = (
				C09D60A01D587438009857DC /* LaunchScreen.storyboard in Resources */,
				C09D609D1D587438009857DC /* Assets.xcassets in Resources */,
				C09D609B1D587438009857DC /* Main.storyboard in Resources */,
			);
			runOnlyForDeploymentPostprocessing = 0;
		};
/* End PBXResourcesBuildPhase section */

/* Begin PBXSourcesBuildPhase section */
		C09D60891D587438009857DC /* Sources */ = {
			isa = PBXSourcesBuildPhase;
			buildActionMask = 2147483647;
			files = (
				C09D60981D587438009857DC /* ViewController.m in Sources */,
				C09D60951D587438009857DC /* AppDelegate.m in Sources */,
				C09D60A91D587461009857DC /* BlankTextView.m in Sources */,
				C09D60921D587438009857DC /* main.m in Sources */,
			);
			runOnlyForDeploymentPostprocessing = 0;
		};
/* End PBXSourcesBuildPhase section */

/* Begin PBXVariantGroup section */
		C09D60991D587438009857DC /* Main.storyboard */ = {
			isa = PBXVariantGroup;
			children = (
				C09D609A1D587438009857DC /* Base */,
			);
			name = Main.storyboard;
			sourceTree = "<group>";
		};
		C09D609E1D587438009857DC /* LaunchScreen.storyboard */ = {
			isa = PBXVariantGroup;
			children = (
				C09D609F1D587438009857DC /* Base */,
			);
			name = LaunchScreen.storyboard;
			sourceTree = "<group>";
		};
/* End PBXVariantGroup section */

/* Begin XCBuildConfiguration section */
		C09D60A21D587438009857DC /* Debug */ = {
			isa = XCBuildConfiguration;
			buildSettings = {
				ALWAYS_SEARCH_USER_PATHS = NO;
				CLANG_ANALYZER_NONNULL = YES;
				CLANG_CXX_LANGUAGE_STANDARD = "gnu++0x";
				CLANG_CXX_LIBRARY = "libc++";
				CLANG_ENABLE_MODULES = YES;
				CLANG_ENABLE_OBJC_ARC = YES;
				CLANG_WARN_BOOL_CONVERSION = YES;
				CLANG_WARN_CONSTANT_CONVERSION = YES;
				CLANG_WARN_DIRECT_OBJC_ISA_USAGE = YES_ERROR;
				CLANG_WARN_EMPTY_BODY = YES;
				CLANG_WARN_ENUM_CONVERSION = YES;
				CLANG_WARN_INT_CONVERSION = YES;
				CLANG_WARN_OBJC_ROOT_CLASS = YES_ERROR;
				CLANG_WARN_UNREACHABLE_CODE = YES;
				CLANG_WARN__DUPLICATE_METHOD_MATCH = YES;
				"CODE_SIGN_IDENTITY[sdk=iphoneos*]" = "iPhone Developer";
				COPY_PHASE_STRIP = NO;
				DEBUG_INFORMATION_FORMAT = dwarf;
				ENABLE_STRICT_OBJC_MSGSEND = YES;
				ENABLE_TESTABILITY = YES;
				GCC_C_LANGUAGE_STANDARD = gnu99;
				GCC_DYNAMIC_NO_PIC = NO;
				GCC_NO_COMMON_BLOCKS = YES;
				GCC_OPTIMIZATION_LEVEL = 0;
				GCC_PREPROCESSOR_DEFINITIONS = (
					"DEBUG=1",
					"$(inherited)",
				);
				GCC_WARN_64_TO_32_BIT_CONVERSION = YES;
				GCC_WARN_ABOUT_RETURN_TYPE = YES_ERROR;
				GCC_WARN_UNDECLARED_SELECTOR = YES;
				GCC_WARN_UNINITIALIZED_AUTOS = YES_AGGRESSIVE;
				GCC_WARN_UNUSED_FUNCTION = YES;
				GCC_WARN_UNUSED_VARIABLE = YES;
				IPHONEOS_DEPLOYMENT_TARGET = 9.3;
				MTL_ENABLE_DEBUG_INFO = YES;
				ONLY_ACTIVE_ARCH = YES;
				SDKROOT = iphoneos;
			};
			name = Debug;
		};
		C09D60A31D587438009857DC /* Release */ = {
			isa = XCBuildConfiguration;
			buildSettings = {
				ALWAYS_SEARCH_USER_PATHS = NO;
				CLANG_ANALYZER_NONNULL = YES;
				CLANG_CXX_LANGUAGE_STANDARD = "gnu++0x";
				CLANG_CXX_LIBRARY = "libc++";
				CLANG_ENABLE_MODULES = YES;
				CLANG_ENABLE_OBJC_ARC = YES;
				CLANG_WARN_BOOL_CONVERSION = YES;
				CLANG_WARN_CONSTANT_CONVERSION = YES;
				CLANG_WARN_DIRECT_OBJC_ISA_USAGE = YES_ERROR;
				CLANG_WARN_EMPTY_BODY = YES;
				CLANG_WARN_ENUM_CONVERSION = YES;
				CLANG_WARN_INT_CONVERSION = YES;
				CLANG_WARN_OBJC_ROOT_CLASS = YES_ERROR;
				CLANG_WARN_UNREACHABLE_CODE = YES;
				CLANG_WARN__DUPLICATE_METHOD_MATCH = YES;
				"CODE_SIGN_IDENTITY[sdk=iphoneos*]" = "iPhone Developer";
				COPY_PHASE_STRIP = NO;
				DEBUG_INFORMATION_FORMAT = "dwarf-with-dsym";
				ENABLE_NS_ASSERTIONS = NO;
				ENABLE_STRICT_OBJC_MSGSEND = YES;
				GCC_C_LANGUAGE_STANDARD = gnu99;
				GCC_NO_COMMON_BLOCKS = YES;
				GCC_WARN_64_TO_32_BIT_CONVERSION = YES;
				GCC_WARN_ABOUT_RETURN_TYPE = YES_ERROR;
				GCC_WARN_UNDECLARED_SELECTOR = YES;
				GCC_WARN_UNINITIALIZED_AUTOS = YES_AGGRESSIVE;
				GCC_WARN_UNUSED_FUNCTION = YES;
				GCC_WARN_UNUSED_VARIABLE = YES;
				IPHONEOS_DEPLOYMENT_TARGET = 9.3;
				MTL_ENABLE_DEBUG_INFO = NO;
				SDKROOT = iphoneos;
				VALIDATE_PRODUCT = YES;
			};
			name = Release;
		};
		C09D60A51D587438009857DC /* Debug */ = {
			isa = XCBuildConfiguration;
			buildSettings = {
				ASSETCATALOG_COMPILER_APPICON_NAME = AppIcon;
				INFOPLIST_FILE = BlankTextView/Info.plist;
				LD_RUNPATH_SEARCH_PATHS = "$(inherited) @executable_path/Frameworks";
				PRODUCT_BUNDLE_IDENTIFIER = code.joshuali.BlankTextView;
				PRODUCT_NAME = "$(TARGET_NAME)";
			};
			name = Debug;
		};
		C09D60A61D587438009857DC /* Release */ = {
			isa = XCBuildConfiguration;
			buildSettings = {
				ASSETCATALOG_COMPILER_APPICON_NAME = AppIcon;
				INFOPLIST_FILE = BlankTextView/Info.plist;
				LD_RUNPATH_SEARCH_PATHS = "$(inherited) @executable_path/Frameworks";
				PRODUCT_BUNDLE_IDENTIFIER = code.joshuali.BlankTextView;
				PRODUCT_NAME = "$(TARGET_NAME)";
			};
			name = Release;
		};
/* End XCBuildConfiguration section */

/* Begin XCConfigurationList section */
		C09D60881D587438009857DC /* Build configuration list for PBXProject "BlankTextView" */ = {
			isa = XCConfigurationList;
			buildConfigurations = (
				C09D60A21D587438009857DC /* Debug */,
				C09D60A31D587438009857DC /* Release */,
			);
			defaultConfigurationIsVisible = 0;
			defaultConfigurationName = Release;
		};
		C09D60A41D587438009857DC /* Build configuration list for PBXNativeTarget "BlankTextView" */ = {
			isa = XCConfigurationList;
			buildConfigurations = (
				C09D60A51D587438009857DC /* Debug */,
				C09D60A61D587438009857DC /* Release */,
			);
			defaultConfigurationIsVisible = 0;
		};
/* End XCConfigurationList section */
	};
	rootObject = C09D60851D587438009857DC /* Project object */;
}
